
Microsoft Visual Studio Solution File, Format Version 12.00
# Visual Studio 15
VisualStudioVersion = 15.0.26730.8
MinimumVisualStudioVersion = 10.0.40219.1
Project("{FAE04EC0-301F-11D3-BF4B-00C04F79EFBC}") = "MvcSolution.Web", "MvcSolution.Web\MvcSolution.Web.csproj", "{87EDD0FE-9AD4-4FB3-A5DF-B0BE53F79949}"
EndProject
Global
	GlobalSection(SolutionConfigurationPlatforms) = preSolution
		Debug|Any CPU = Debug|Any CPU
		Release|Any CPU = Release|Any CPU
	EndGlobalSection
	GlobalSection(ProjectConfigurationPlatforms) = postSolution
		{87EDD0FE-9AD4-4FB3-A5DF-B0BE53F79949}.Debug|Any CPU.ActiveCfg = Debug|Any CPU
		{87EDD0FE-9AD4-4FB3-A5DF-B0BE53F79949}.Debug|Any CPU.Build.0 = Debug|Any CPU
		{87EDD0FE-9AD4-4FB3-A5DF-B0BE53F79949}.Release|Any CPU.ActiveCfg = Release|Any CPU
		{87EDD0FE-9AD4-4FB3-A5DF-B0BE53F79949}.Release|Any CPU.Build.0 = Release|Any CPU
	EndGlobalSection
	GlobalSection(SolutionProperties) = preSolution
		HideSolutionNode = FALSE
	EndGlobalSection
	GlobalSection(ExtensibilityGlobals) = postSolution
		SolutionGuid = {4867F6A1-A0F5-4719-803F-5082F9FDFF73}
	EndGlobalSection
EndGlobal
